// !$*UTF8*$!
{
	archiveVersion = 1;
	classes = {
	};
	objectVersion = 56;
	objects = {

/* Begin PBXBuildFile section */
		103DE6302B87323B008F0B8A /* AppDelegate.swift in Sources */ = {isa = PBXBuildFile; fileRef = 103DE62F2B87323B008F0B8A /* AppDelegate.swift */; };
		103DE6322B87323B008F0B8A /* SceneDelegate.swift in Sources */ = {isa = PBXBuildFile; fileRef = 103DE6312B87323B008F0B8A /* SceneDelegate.swift */; };
		103DE6342B87323B008F0B8A /* MainViewController.swift in Sources */ = {isa = PBXBuildFile; fileRef = 103DE6332B87323B008F0B8A /* MainViewController.swift */; };
		103DE6372B87323B008F0B8A /* Main.storyboard in Resources */ = {isa = PBXBuildFile; fileRef = 103DE6352B87323B008F0B8A /* Main.storyboard */; };
		103DE6392B87323D008F0B8A /* Assets.xcassets in Resources */ = {isa = PBXBuildFile; fileRef = 103DE6382B87323D008F0B8A /* Assets.xcassets */; };
		103DE63C2B87323D008F0B8A /* LaunchScreen.storyboard in Resources */ = {isa = PBXBuildFile; fileRef = 103DE63A2B87323D008F0B8A /* LaunchScreen.storyboard */; };
		103DE64C2B873C00008F0B8A /* Memo.swift in Sources */ = {isa = PBXBuildFile; fileRef = 103DE64B2B873C00008F0B8A /* Memo.swift */; };
		103DE64E2B874016008F0B8A /* MemoContentCell.swift in Sources */ = {isa = PBXBuildFile; fileRef = 103DE64D2B874016008F0B8A /* MemoContentCell.swift */; };
		108279422B876E2100181DF6 /* TagListCell.swift in Sources */ = {isa = PBXBuildFile; fileRef = 108279412B876E2100181DF6 /* TagListCell.swift */; };
		108BD6812B937147002EBC76 /* CustomKeyboardViewController.swift in Sources */ = {isa = PBXBuildFile; fileRef = 108BD6802B937147002EBC76 /* CustomKeyboardViewController.swift */; };
		108BD6832B9460C3002EBC76 /* TagCell.swift in Sources */ = {isa = PBXBuildFile; fileRef = 108BD6822B9460C3002EBC76 /* TagCell.swift */; };
		108BD6852B946A27002EBC76 /* SettingViewController.swift in Sources */ = {isa = PBXBuildFile; fileRef = 108BD6842B946A27002EBC76 /* SettingViewController.swift */; };
		108BD6872B946B7F002EBC76 /* DefaultCell.swift in Sources */ = {isa = PBXBuildFile; fileRef = 108BD6862B946B7F002EBC76 /* DefaultCell.swift */; };
		108BD6892B946E24002EBC76 /* OpenSourceViewController.swift in Sources */ = {isa = PBXBuildFile; fileRef = 108BD6882B946E24002EBC76 /* OpenSourceViewController.swift */; };
		108BD68B2B946E70002EBC76 /* OpenSource.swift in Sources */ = {isa = PBXBuildFile; fileRef = 108BD68A2B946E70002EBC76 /* OpenSource.swift */; };
		108BD6962B9563E4002EBC76 /* SnapKit in Frameworks */ = {isa = PBXBuildFile; productRef = 108BD6952B9563E4002EBC76 /* SnapKit */; };
/* End PBXBuildFile section */

/* Begin PBXCopyFilesBuildPhase section */
		108BD68D2B9474CA002EBC76 /* Embed Frameworks */ = {
			isa = PBXCopyFilesBuildPhase;
			buildActionMask = 2147483647;
			dstPath = "";
			dstSubfolderSpec = 10;
			files = (
			);
			name = "Embed Frameworks";
			runOnlyForDeploymentPostprocessing = 0;
		};
/* End PBXCopyFilesBuildPhase section */

/* Begin PBXFileReference section */
		103DE62C2B87323B008F0B8A /* nonameApp.app */ = {isa = PBXFileReference; explicitFileType = wrapper.application; includeInIndex = 0; path = nonameApp.app; sourceTree = BUILT_PRODUCTS_DIR; };
		103DE62F2B87323B008F0B8A /* AppDelegate.swift */ = {isa = PBXFileReference; lastKnownFileType = sourcecode.swift; path = AppDelegate.swift; sourceTree = "<group>"; };
		103DE6312B87323B008F0B8A /* SceneDelegate.swift */ = {isa = PBXFileReference; lastKnownFileType = sourcecode.swift; path = SceneDelegate.swift; sourceTree = "<group>"; };
		103DE6332B87323B008F0B8A /* MainViewController.swift */ = {isa = PBXFileReference; lastKnownFileType = sourcecode.swift; path = MainViewController.swift; sourceTree = "<group>"; };
		103DE6362B87323B008F0B8A /* Base */ = {isa = PBXFileReference; lastKnownFileType = file.storyboard; name = Base; path = Base.lproj/Main.storyboard; sourceTree = "<group>"; };
		103DE6382B87323D008F0B8A /* Assets.xcassets */ = {isa = PBXFileReference; lastKnownFileType = folder.assetcatalog; path = Assets.xcassets; sourceTree = "<group>"; };
		103DE63B2B87323D008F0B8A /* Base */ = {isa = PBXFileReference; lastKnownFileType = file.storyboard; name = Base; path = Base.lproj/LaunchScreen.storyboard; sourceTree = "<group>"; };
		103DE63D2B87323D008F0B8A /* Info.plist */ = {isa = PBXFileReference; lastKnownFileType = text.plist.xml; path = Info.plist; sourceTree = "<group>"; };
		103DE64B2B873C00008F0B8A /* Memo.swift */ = {isa = PBXFileReference; lastKnownFileType = sourcecode.swift; path = Memo.swift; sourceTree = "<group>"; };
		103DE64D2B874016008F0B8A /* MemoContentCell.swift */ = {isa = PBXFileReference; lastKnownFileType = sourcecode.swift; path = MemoContentCell.swift; sourceTree = "<group>"; };
		108279412B876E2100181DF6 /* TagListCell.swift */ = {isa = PBXFileReference; lastKnownFileType = sourcecode.swift; path = TagListCell.swift; sourceTree = "<group>"; };
		108BD6802B937147002EBC76 /* CustomKeyboardViewController.swift */ = {isa = PBXFileReference; lastKnownFileType = sourcecode.swift; path = CustomKeyboardViewController.swift; sourceTree = "<group>"; };
		108BD6822B9460C3002EBC76 /* TagCell.swift */ = {isa = PBXFileReference; lastKnownFileType = sourcecode.swift; path = TagCell.swift; sourceTree = "<group>"; };
		108BD6842B946A27002EBC76 /* SettingViewController.swift */ = {isa = PBXFileReference; lastKnownFileType = sourcecode.swift; path = SettingViewController.swift; sourceTree = "<group>"; };
		108BD6862B946B7F002EBC76 /* DefaultCell.swift */ = {isa = PBXFileReference; lastKnownFileType = sourcecode.swift; path = DefaultCell.swift; sourceTree = "<group>"; };
		108BD6882B946E24002EBC76 /* OpenSourceViewController.swift */ = {isa = PBXFileReference; lastKnownFileType = sourcecode.swift; path = OpenSourceViewController.swift; sourceTree = "<group>"; };
		108BD68A2B946E70002EBC76 /* OpenSource.swift */ = {isa = PBXFileReference; lastKnownFileType = sourcecode.swift; path = OpenSource.swift; sourceTree = "<group>"; };
/* End PBXFileReference section */

/* Begin PBXFrameworksBuildPhase section */
		103DE6292B87323B008F0B8A /* Frameworks */ = {
			isa = PBXFrameworksBuildPhase;
			buildActionMask = 2147483647;
			files = (
				108BD6962B9563E4002EBC76 /* SnapKit in Frameworks */,
			);
			runOnlyForDeploymentPostprocessing = 0;
		};
/* End PBXFrameworksBuildPhase section */

/* Begin PBXGroup section */
		103DE6232B87323B008F0B8A = {
			isa = PBXGroup;
			children = (
				103DE62E2B87323B008F0B8A /* nonameApp */,
				103DE62D2B87323B008F0B8A /* Products */,
				108BD6902B956359002EBC76 /* Frameworks */,
			);
			sourceTree = "<group>";
		};
		103DE62D2B87323B008F0B8A /* Products */ = {
			isa = PBXGroup;
			children = (
				103DE62C2B87323B008F0B8A /* nonameApp.app */,
			);
			name = Products;
			sourceTree = "<group>";
		};
		103DE62E2B87323B008F0B8A /* nonameApp */ = {
			isa = PBXGroup;
			children = (
				103DE62F2B87323B008F0B8A /* AppDelegate.swift */,
				103DE6312B87323B008F0B8A /* SceneDelegate.swift */,
				103DE6482B873273008F0B8A /* Models */,
				103DE64A2B873282008F0B8A /* Views */,
				103DE6492B87327A008F0B8A /* Controllers */,
				103DE6382B87323D008F0B8A /* Assets.xcassets */,
				103DE63A2B87323D008F0B8A /* LaunchScreen.storyboard */,
				103DE63D2B87323D008F0B8A /* Info.plist */,
			);
			path = nonameApp;
			sourceTree = "<group>";
		};
		103DE6482B873273008F0B8A /* Models */ = {
			isa = PBXGroup;
			children = (
				103DE64B2B873C00008F0B8A /* Memo.swift */,
				108BD68A2B946E70002EBC76 /* OpenSource.swift */,
			);
			path = Models;
			sourceTree = "<group>";
		};
		103DE6492B87327A008F0B8A /* Controllers */ = {
			isa = PBXGroup;
			children = (
				103DE6332B87323B008F0B8A /* MainViewController.swift */,
				108BD6802B937147002EBC76 /* CustomKeyboardViewController.swift */,
				108BD6842B946A27002EBC76 /* SettingViewController.swift */,
				108BD6882B946E24002EBC76 /* OpenSourceViewController.swift */,
			);
			path = Controllers;
			sourceTree = "<group>";
		};
		103DE64A2B873282008F0B8A /* Views */ = {
			isa = PBXGroup;
			children = (
				103DE6352B87323B008F0B8A /* Main.storyboard */,
				103DE64D2B874016008F0B8A /* MemoContentCell.swift */,
				108279412B876E2100181DF6 /* TagListCell.swift */,
				108BD6822B9460C3002EBC76 /* TagCell.swift */,
				108BD6862B946B7F002EBC76 /* DefaultCell.swift */,
			);
			path = Views;
			sourceTree = "<group>";
		};
		108BD6902B956359002EBC76 /* Frameworks */ = {
			isa = PBXGroup;
			children = (
			);
			name = Frameworks;
			sourceTree = "<group>";
		};
/* End PBXGroup section */

/* Begin PBXNativeTarget section */
		103DE62B2B87323B008F0B8A /* nonameApp */ = {
			isa = PBXNativeTarget;
			buildConfigurationList = 103DE6402B87323D008F0B8A /* Build configuration list for PBXNativeTarget "nonameApp" */;
			buildPhases = (
				103DE6282B87323B008F0B8A /* Sources */,
				103DE6292B87323B008F0B8A /* Frameworks */,
				103DE62A2B87323B008F0B8A /* Resources */,
				108BD68D2B9474CA002EBC76 /* Embed Frameworks */,
			);
			buildRules = (
			);
			dependencies = (
			);
			name = nonameApp;
			packageProductDependencies = (
				108BD6952B9563E4002EBC76 /* SnapKit */,
			);
			productName = nonameApp;
			productReference = 103DE62C2B87323B008F0B8A /* nonameApp.app */;
			productType = "com.apple.product-type.application";
		};
/* End PBXNativeTarget section */

/* Begin PBXProject section */
		103DE6242B87323B008F0B8A /* Project object */ = {
			isa = PBXProject;
			attributes = {
				BuildIndependentTargetsInParallel = 1;
				LastSwiftUpdateCheck = 1510;
				LastUpgradeCheck = 1510;
				TargetAttributes = {
					103DE62B2B87323B008F0B8A = {
						CreatedOnToolsVersion = 15.1;
					};
				};
			};
			buildConfigurationList = 103DE6272B87323B008F0B8A /* Build configuration list for PBXProject "nonameApp" */;
			compatibilityVersion = "Xcode 14.0";
			developmentRegion = en;
			hasScannedForEncodings = 0;
			knownRegions = (
				en,
				Base,
			);
			mainGroup = 103DE6232B87323B008F0B8A;
			packageReferences = (
				108BD6942B9563E4002EBC76 /* XCRemoteSwiftPackageReference "SnapKit" */,
			);
			productRefGroup = 103DE62D2B87323B008F0B8A /* Products */;
			projectDirPath = "";
			projectRoot = "";
			targets = (
				103DE62B2B87323B008F0B8A /* nonameApp */,
			);
		};
/* End PBXProject section */

/* Begin PBXResourcesBuildPhase section */
		103DE62A2B87323B008F0B8A /* Resources */ = {
			isa = PBXResourcesBuildPhase;
			buildActionMask = 2147483647;
			files = (
				103DE63C2B87323D008F0B8A /* LaunchScreen.storyboard in Resources */,
				103DE6392B87323D008F0B8A /* Assets.xcassets in Resources */,
				103DE6372B87323B008F0B8A /* Main.storyboard in Resources */,
			);
			runOnlyForDeploymentPostprocessing = 0;
		};
/* End PBXResourcesBuildPhase section */

/* Begin PBXSourcesBuildPhase section */
		103DE6282B87323B008F0B8A /* Sources */ = {
			isa = PBXSourcesBuildPhase;
			buildActionMask = 2147483647;
			files = (
				108BD6812B937147002EBC76 /* CustomKeyboardViewController.swift in Sources */,
				103DE6342B87323B008F0B8A /* MainViewController.swift in Sources */,
				103DE64E2B874016008F0B8A /* MemoContentCell.swift in Sources */,
				108279422B876E2100181DF6 /* TagListCell.swift in Sources */,
				108BD6872B946B7F002EBC76 /* DefaultCell.swift in Sources */,
				103DE6302B87323B008F0B8A /* AppDelegate.swift in Sources */,
				108BD68B2B946E70002EBC76 /* OpenSource.swift in Sources */,
				108BD6892B946E24002EBC76 /* OpenSourceViewController.swift in Sources */,
				108BD6852B946A27002EBC76 /* SettingViewController.swift in Sources */,
				108BD6832B9460C3002EBC76 /* TagCell.swift in Sources */,
				103DE6322B87323B008F0B8A /* SceneDelegate.swift in Sources */,
				103DE64C2B873C00008F0B8A /* Memo.swift in Sources */,
			);
			runOnlyForDeploymentPostprocessing = 0;
		};
/* End PBXSourcesBuildPhase section */

/* Begin PBXVariantGroup section */
		103DE6352B87323B008F0B8A /* Main.storyboard */ = {
			isa = PBXVariantGroup;
			children = (
				103DE6362B87323B008F0B8A /* Base */,
			);
			name = Main.storyboard;
			sourceTree = "<group>";
		};
		103DE63A2B87323D008F0B8A /* LaunchScreen.storyboard */ = {
			isa = PBXVariantGroup;
			children = (
				103DE63B2B87323D008F0B8A /* Base */,
			);
			name = LaunchScreen.storyboard;
			sourceTree = "<group>";
		};
/* End PBXVariantGroup section */

/* Begin XCBuildConfiguration section */
		103DE63E2B87323D008F0B8A /* Debug */ = {
			isa = XCBuildConfiguration;
			buildSettings = {
				ALWAYS_SEARCH_USER_PATHS = NO;
				ASSETCATALOG_COMPILER_GENERATE_SWIFT_ASSET_SYMBOL_EXTENSIONS = YES;
				CLANG_ANALYZER_NONNULL = YES;
				CLANG_ANALYZER_NUMBER_OBJECT_CONVERSION = YES_AGGRESSIVE;
				CLANG_CXX_LANGUAGE_STANDARD = "gnu++20";
				CLANG_ENABLE_MODULES = YES;
				CLANG_ENABLE_OBJC_ARC = YES;
				CLANG_ENABLE_OBJC_WEAK = YES;
				CLANG_WARN_BLOCK_CAPTURE_AUTORELEASING = YES;
				CLANG_WARN_BOOL_CONVERSION = YES;
				CLANG_WARN_COMMA = YES;
				CLANG_WARN_CONSTANT_CONVERSION = YES;
				CLANG_WARN_DEPRECATED_OBJC_IMPLEMENTATIONS = YES;
				CLANG_WARN_DIRECT_OBJC_ISA_USAGE = YES_ERROR;
				CLANG_WARN_DOCUMENTATION_COMMENTS = YES;
				CLANG_WARN_EMPTY_BODY = YES;
				CLANG_WARN_ENUM_CONVERSION = YES;
				CLANG_WARN_INFINITE_RECURSION = YES;
				CLANG_WARN_INT_CONVERSION = YES;
				CLANG_WARN_NON_LITERAL_NULL_CONVERSION = YES;
				CLANG_WARN_OBJC_IMPLICIT_RETAIN_SELF = YES;
				CLANG_WARN_OBJC_LITERAL_CONVERSION = YES;
				CLANG_WARN_OBJC_ROOT_CLASS = YES_ERROR;
				CLANG_WARN_QUOTED_INCLUDE_IN_FRAMEWORK_HEADER = YES;
				CLANG_WARN_RANGE_LOOP_ANALYSIS = YES;
				CLANG_WARN_STRICT_PROTOTYPES = YES;
				CLANG_WARN_SUSPICIOUS_MOVE = YES;
				CLANG_WARN_UNGUARDED_AVAILABILITY = YES_AGGRESSIVE;
				CLANG_WARN_UNREACHABLE_CODE = YES;
				CLANG_WARN__DUPLICATE_METHOD_MATCH = YES;
				COPY_PHASE_STRIP = NO;
				DEBUG_INFORMATION_FORMAT = dwarf;
				ENABLE_STRICT_OBJC_MSGSEND = YES;
				ENABLE_TESTABILITY = YES;
				ENABLE_USER_SCRIPT_SANDBOXING = YES;
				GCC_C_LANGUAGE_STANDARD = gnu17;
				GCC_DYNAMIC_NO_PIC = NO;
				GCC_NO_COMMON_BLOCKS = YES;
				GCC_OPTIMIZATION_LEVEL = 0;
				GCC_PREPROCESSOR_DEFINITIONS = (
					"DEBUG=1",
					"$(inherited)",
				);
				GCC_WARN_64_TO_32_BIT_CONVERSION = YES;
				GCC_WARN_ABOUT_RETURN_TYPE = YES_ERROR;
				GCC_WARN_UNDECLARED_SELECTOR = YES;
				GCC_WARN_UNINITIALIZED_AUTOS = YES_AGGRESSIVE;
				GCC_WARN_UNUSED_FUNCTION = YES;
				GCC_WARN_UNUSED_VARIABLE = YES;
				IPHONEOS_DEPLOYMENT_TARGET = 15.0;
				LOCALIZATION_PREFERS_STRING_CATALOGS = YES;
				MTL_ENABLE_DEBUG_INFO = INCLUDE_SOURCE;
				MTL_FAST_MATH = YES;
				ONLY_ACTIVE_ARCH = YES;
				SDKROOT = iphoneos;
				SWIFT_ACTIVE_COMPILATION_CONDITIONS = "DEBUG $(inherited)";
				SWIFT_OPTIMIZATION_LEVEL = "-Onone";
			};
			name = Debug;
		};
		103DE63F2B87323D008F0B8A /* Release */ = {
			isa = XCBuildConfiguration;
			buildSettings = {
				ALWAYS_SEARCH_USER_PATHS = NO;
				ASSETCATALOG_COMPILER_GENERATE_SWIFT_ASSET_SYMBOL_EXTENSIONS = YES;
				CLANG_ANALYZER_NONNULL = YES;
				CLANG_ANALYZER_NUMBER_OBJECT_CONVERSION = YES_AGGRESSIVE;
				CLANG_CXX_LANGUAGE_STANDARD = "gnu++20";
				CLANG_ENABLE_MODULES = YES;
				CLANG_ENABLE_OBJC_ARC = YES;
				CLANG_ENABLE_OBJC_WEAK = YES;
				CLANG_WARN_BLOCK_CAPTURE_AUTORELEASING = YES;
				CLANG_WARN_BOOL_CONVERSION = YES;
				CLANG_WARN_COMMA = YES;
				CLANG_WARN_CONSTANT_CONVERSION = YES;
				CLANG_WARN_DEPRECATED_OBJC_IMPLEMENTATIONS = YES;
				CLANG_WARN_DIRECT_OBJC_ISA_USAGE = YES_ERROR;
				CLANG_WARN_DOCUMENTATION_COMMENTS = YES;
				CLANG_WARN_EMPTY_BODY = YES;
				CLANG_WARN_ENUM_CONVERSION = YES;
				CLANG_WARN_INFINITE_RECURSION = YES;
				CLANG_WARN_INT_CONVERSION = YES;
				CLANG_WARN_NON_LITERAL_NULL_CONVERSION = YES;
				CLANG_WARN_OBJC_IMPLICIT_RETAIN_SELF = YES;
				CLANG_WARN_OBJC_LITERAL_CONVERSION = YES;
				CLANG_WARN_OBJC_ROOT_CLASS = YES_ERROR;
				CLANG_WARN_QUOTED_INCLUDE_IN_FRAMEWORK_HEADER = YES;
				CLANG_WARN_RANGE_LOOP_ANALYSIS = YES;
				CLANG_WARN_STRICT_PROTOTYPES = YES;
				CLANG_WARN_SUSPICIOUS_MOVE = YES;
				CLANG_WARN_UNGUARDED_AVAILABILITY = YES_AGGRESSIVE;
				CLANG_WARN_UNREACHABLE_CODE = YES;
				CLANG_WARN__DUPLICATE_METHOD_MATCH = YES;
				COPY_PHASE_STRIP = NO;
				DEBUG_INFORMATION_FORMAT = "dwarf-with-dsym";
				ENABLE_NS_ASSERTIONS = NO;
				ENABLE_STRICT_OBJC_MSGSEND = YES;
				ENABLE_USER_SCRIPT_SANDBOXING = YES;
				GCC_C_LANGUAGE_STANDARD = gnu17;
				GCC_NO_COMMON_BLOCKS = YES;
				GCC_WARN_64_TO_32_BIT_CONVERSION = YES;
				GCC_WARN_ABOUT_RETURN_TYPE = YES_ERROR;
				GCC_WARN_UNDECLARED_SELECTOR = YES;
				GCC_WARN_UNINITIALIZED_AUTOS = YES_AGGRESSIVE;
				GCC_WARN_UNUSED_FUNCTION = YES;
				GCC_WARN_UNUSED_VARIABLE = YES;
				IPHONEOS_DEPLOYMENT_TARGET = 15.0;
				LOCALIZATION_PREFERS_STRING_CATALOGS = YES;
				MTL_ENABLE_DEBUG_INFO = NO;
				MTL_FAST_MATH = YES;
				SDKROOT = iphoneos;
				SWIFT_COMPILATION_MODE = wholemodule;
				VALIDATE_PRODUCT = YES;
			};
			name = Release;
		};
		103DE6412B87323D008F0B8A /* Debug */ = {
			isa = XCBuildConfiguration;
			buildSettings = {
				ASSETCATALOG_COMPILER_APPICON_NAME = AppIcon;
				ASSETCATALOG_COMPILER_GLOBAL_ACCENT_COLOR_NAME = AccentColor;
				CODE_SIGN_STYLE = Automatic;
				CURRENT_PROJECT_VERSION = 1;
				DEVELOPMENT_TEAM = CZ4858BW64;
				GENERATE_INFOPLIST_FILE = YES;
				INFOPLIST_FILE = nonameApp/Info.plist;
				INFOPLIST_KEY_LSApplicationCategoryType = "public.app-category.productivity";
				INFOPLIST_KEY_UIApplicationSupportsIndirectInputEvents = YES;
				INFOPLIST_KEY_UILaunchStoryboardName = LaunchScreen;
				INFOPLIST_KEY_UIMainStoryboardFile = Main;
				INFOPLIST_KEY_UISupportedInterfaceOrientations = UIInterfaceOrientationPortrait;
				INFOPLIST_KEY_UISupportedInterfaceOrientations_iPad = "UIInterfaceOrientationLandscapeLeft UIInterfaceOrientationLandscapeRight UIInterfaceOrientationPortrait UIInterfaceOrientationPortraitUpsideDown";
				IPHONEOS_DEPLOYMENT_TARGET = 15.0;
				LD_RUNPATH_SEARCH_PATHS = (
					"$(inherited)",
					"@executable_path/Frameworks",
				);
				MARKETING_VERSION = 0.1;
				PRODUCT_BUNDLE_IDENTIFIER = com.hyeji.noname;
				PRODUCT_NAME = "$(TARGET_NAME)";
				SUPPORTED_PLATFORMS = "iphoneos iphonesimulator";
				SUPPORTS_MACCATALYST = NO;
				SUPPORTS_MAC_DESIGNED_FOR_IPHONE_IPAD = NO;
				SWIFT_EMIT_LOC_STRINGS = YES;
				SWIFT_VERSION = 5.0;
				TARGETED_DEVICE_FAMILY = 1;
			};
			name = Debug;
		};
		103DE6422B87323D008F0B8A /* Release */ = {
			isa = XCBuildConfiguration;
			buildSettings = {
				ASSETCATALOG_COMPILER_APPICON_NAME = AppIcon;
				ASSETCATALOG_COMPILER_GLOBAL_ACCENT_COLOR_NAME = AccentColor;
				CODE_SIGN_STYLE = Automatic;
				CURRENT_PROJECT_VERSION = 1;
				DEVELOPMENT_TEAM = CZ4858BW64;
				GENERATE_INFOPLIST_FILE = YES;
				INFOPLIST_FILE = nonameApp/Info.plist;
				INFOPLIST_KEY_LSApplicationCategoryType = "public.app-category.productivity";
				INFOPLIST_KEY_UIApplicationSupportsIndirectInputEvents = YES;
				INFOPLIST_KEY_UILaunchStoryboardName = LaunchScreen;
				INFOPLIST_KEY_UIMainStoryboardFile = Main;
				INFOPLIST_KEY_UISupportedInterfaceOrientations = UIInterfaceOrientationPortrait;
				INFOPLIST_KEY_UISupportedInterfaceOrientations_iPad = "UIInterfaceOrientationLandscapeLeft UIInterfaceOrientationLandscapeRight UIInterfaceOrientationPortrait UIInterfaceOrientationPortraitUpsideDown";
				IPHONEOS_DEPLOYMENT_TARGET = 15.0;
				LD_RUNPATH_SEARCH_PATHS = (
					"$(inherited)",
					"@executable_path/Frameworks",
				);
				MARKETING_VERSION = 0.1;
				PRODUCT_BUNDLE_IDENTIFIER = com.hyeji.noname;
				PRODUCT_NAME = "$(TARGET_NAME)";
				SUPPORTED_PLATFORMS = "iphoneos iphonesimulator";
				SUPPORTS_MACCATALYST = NO;
				SUPPORTS_MAC_DESIGNED_FOR_IPHONE_IPAD = NO;
				SWIFT_EMIT_LOC_STRINGS = YES;
				SWIFT_VERSION = 5.0;
				TARGETED_DEVICE_FAMILY = 1;
			};
			name = Release;
		};
/* End XCBuildConfiguration section */

/* Begin XCConfigurationList section */
		103DE6272B87323B008F0B8A /* Build configuration list for PBXProject "nonameApp" */ = {
			isa = XCConfigurationList;
			buildConfigurations = (
				103DE63E2B87323D008F0B8A /* Debug */,
				103DE63F2B87323D008F0B8A /* Release */,
			);
			defaultConfigurationIsVisible = 0;
			defaultConfigurationName = Release;
		};
		103DE6402B87323D008F0B8A /* Build configuration list for PBXNativeTarget "nonameApp" */ = {
			isa = XCConfigurationList;
			buildConfigurations = (
				103DE6412B87323D008F0B8A /* Debug */,
				103DE6422B87323D008F0B8A /* Release */,
			);
			defaultConfigurationIsVisible = 0;
			defaultConfigurationName = Release;
		};
/* End XCConfigurationList section */

/* Begin XCRemoteSwiftPackageReference section */
		108BD6942B9563E4002EBC76 /* XCRemoteSwiftPackageReference "SnapKit" */ = {
			isa = XCRemoteSwiftPackageReference;
			repositoryURL = "https://github.com/SnapKit/SnapKit.git";
			requirement = {
				kind = upToNextMajorVersion;
				minimumVersion = 5.7.1;
			};
		};
/* End XCRemoteSwiftPackageReference section */

/* Begin XCSwiftPackageProductDependency section */
		108BD6952B9563E4002EBC76 /* SnapKit */ = {
			isa = XCSwiftPackageProductDependency;
			package = 108BD6942B9563E4002EBC76 /* XCRemoteSwiftPackageReference "SnapKit" */;
			productName = SnapKit;
		};
/* End XCSwiftPackageProductDependency section */
	};
	rootObject = 103DE6242B87323B008F0B8A /* Project object */;
}
